
Microsoft Visual Studio Solution File, Format Version 12.00
# Visual Studio 15
VisualStudioVersion = 15.0.28307.757
MinimumVisualStudioVersion = 10.0.40219.1
Project("{8BC9CEB8-8B4A-11D0-8D11-00A0C91BC942}") = "DirectXGame1909", "DirectXGame1909\DirectXGame1909.vcxproj", "{EB34B8E8-20D9-42D9-A0CD-C5E010DFFEA6}"
EndProject
Global
	GlobalSection(SolutionConfigurationPlatforms) = preSolution
		Debug|x64 = Debug|x64
		Debug|x86 = Debug|x86
		Release|x64 = Release|x64
		Release|x86 = Release|x86
	EndGlobalSection
	GlobalSection(ProjectConfigurationPlatforms) = postSolution
		{EB34B8E8-20D9-42D9-A0CD-C5E010DFFEA6}.Debug|x64.ActiveCfg = Debug|x64
		{EB34B8E8-20D9-42D9-A0CD-C5E010DFFEA6}.Debug|x64.Build.0 = Debug|x64
		{EB34B8E8-20D9-42D9-A0CD-C5E010DFFEA6}.Debug|x86.ActiveCfg = Debug|Win32
		{EB34B8E8-20D9-42D9-A0CD-C5E010DFFEA6}.Debug|x86.Build.0 = Debug|Win32
		{EB34B8E8-20D9-42D9-A0CD-C5E010DFFEA6}.Release|x64.ActiveCfg = Release|x64
		{EB34B8E8-20D9-42D9-A0CD-C5E010DFFEA6}.Release|x64.Build.0 = Release|x64
		{EB34B8E8-20D9-42D9-A0CD-C5E010DFFEA6}.Release|x86.ActiveCfg = Release|Win32
		{EB34B8E8-20D9-42D9-A0CD-C5E010DFFEA6}.Release|x86.Build.0 = Release|Win32
	EndGlobalSection
	GlobalSection(SolutionProperties) = preSolution
		HideSolutionNode = FALSE
	EndGlobalSection
	GlobalSection(ExtensibilityGlobals) = postSolution
		SolutionGuid = {C2459B76-2D02-46D7-A9DA-6EBFCE077AEC}
	EndGlobalSection
EndGlobal
